// !$*UTF8*$!
{
	archiveVersion = 1;
	classes = {
	};
	objectVersion = 48;
	objects = {

/* Begin PBXBuildFile section */
		A5C206CC2006C5B40017D4FC /* Assets.xcassets in Resources */ = {isa = PBXBuildFile; fileRef = A5C206CB2006C5B40017D4FC /* Assets.xcassets */; };
		A5C206CF2006C5B40017D4FC /* LaunchScreen.storyboard in Resources */ = {isa = PBXBuildFile; fileRef = A5C206CD2006C5B40017D4FC /* LaunchScreen.storyboard */; };
		B4E334A86A92534B5D9B9C8D /* BaseViewControllerTests.swift in Sources */ = {isa = PBXBuildFile; fileRef = B4E33ED99441105606289B25 /* BaseViewControllerTests.swift */; };
		B4E334D7A7493406FED6F57F /* MainWindowFactory.swift in Sources */ = {isa = PBXBuildFile; fileRef = B4E33F100E847B6CB267FC35 /* MainWindowFactory.swift */; };
		B4E3352F3DE78DE3F0F65A14 /* RootViewControllerFactory.swift in Sources */ = {isa = PBXBuildFile; fileRef = B4E33FAA413D7A8C967A003B /* RootViewControllerFactory.swift */; };
		B4E336ADC59F45C97336043E /* AppDelegate.swift in Sources */ = {isa = PBXBuildFile; fileRef = B4E334CF6BCC43A08916D96A /* AppDelegate.swift */; };
		B4E33A987F93D837B9DFCF95 /* HomeViewController.swift in Sources */ = {isa = PBXBuildFile; fileRef = B4E339BD901BE326F9659849 /* HomeViewController.swift */; };
		B4E33E9CA4B85E00C5D54310 /* BaseViewController.swift in Sources */ = {isa = PBXBuildFile; fileRef = B4E33FEE04620A2B263F8998 /* BaseViewController.swift */; };
/* End PBXBuildFile section */

/* Begin PBXContainerItemProxy section */
		A5C206D62006C5B40017D4FC /* PBXContainerItemProxy */ = {
			isa = PBXContainerItemProxy;
			containerPortal = A5C206B92006C5B40017D4FC /* Project object */;
			proxyType = 1;
			remoteGlobalIDString = A5C206C02006C5B40017D4FC;
			remoteInfo = DitMoi;
		};
/* End PBXContainerItemProxy section */

/* Begin PBXFileReference section */
		A5C206C12006C5B40017D4FC /* DitMoi.app */ = {isa = PBXFileReference; explicitFileType = wrapper.application; includeInIndex = 0; path = DitMoi.app; sourceTree = BUILT_PRODUCTS_DIR; };
		A5C206CB2006C5B40017D4FC /* Assets.xcassets */ = {isa = PBXFileReference; lastKnownFileType = folder.assetcatalog; path = Assets.xcassets; sourceTree = "<group>"; };
		A5C206CE2006C5B40017D4FC /* Base */ = {isa = PBXFileReference; lastKnownFileType = file.storyboard; name = Base; path = Base.lproj/LaunchScreen.storyboard; sourceTree = "<group>"; };
		A5C206D02006C5B40017D4FC /* Info.plist */ = {isa = PBXFileReference; lastKnownFileType = text.plist.xml; path = Info.plist; sourceTree = "<group>"; };
		A5C206D52006C5B40017D4FC /* DitMoiTests.xctest */ = {isa = PBXFileReference; explicitFileType = wrapper.cfbundle; includeInIndex = 0; path = DitMoiTests.xctest; sourceTree = BUILT_PRODUCTS_DIR; };
		A5C206DB2006C5B40017D4FC /* Info.plist */ = {isa = PBXFileReference; lastKnownFileType = text.plist.xml; path = Info.plist; sourceTree = "<group>"; };
		B4E334CF6BCC43A08916D96A /* AppDelegate.swift */ = {isa = PBXFileReference; fileEncoding = 4; lastKnownFileType = sourcecode.swift; path = AppDelegate.swift; sourceTree = "<group>"; };
		B4E339BD901BE326F9659849 /* HomeViewController.swift */ = {isa = PBXFileReference; fileEncoding = 4; lastKnownFileType = sourcecode.swift; path = HomeViewController.swift; sourceTree = "<group>"; };
		B4E33ED99441105606289B25 /* BaseViewControllerTests.swift */ = {isa = PBXFileReference; fileEncoding = 4; lastKnownFileType = sourcecode.swift; path = BaseViewControllerTests.swift; sourceTree = "<group>"; };
		B4E33F100E847B6CB267FC35 /* MainWindowFactory.swift */ = {isa = PBXFileReference; fileEncoding = 4; lastKnownFileType = sourcecode.swift; path = MainWindowFactory.swift; sourceTree = "<group>"; };
		B4E33FAA413D7A8C967A003B /* RootViewControllerFactory.swift */ = {isa = PBXFileReference; fileEncoding = 4; lastKnownFileType = sourcecode.swift; path = RootViewControllerFactory.swift; sourceTree = "<group>"; };
		B4E33FEE04620A2B263F8998 /* BaseViewController.swift */ = {isa = PBXFileReference; fileEncoding = 4; lastKnownFileType = sourcecode.swift; path = BaseViewController.swift; sourceTree = "<group>"; };
/* End PBXFileReference section */

/* Begin PBXFrameworksBuildPhase section */
		A5C206BE2006C5B40017D4FC /* Frameworks */ = {
			isa = PBXFrameworksBuildPhase;
			buildActionMask = 2147483647;
			files = (
			);
			runOnlyForDeploymentPostprocessing = 0;
		};
		A5C206D22006C5B40017D4FC /* Frameworks */ = {
			isa = PBXFrameworksBuildPhase;
			buildActionMask = 2147483647;
			files = (
			);
			runOnlyForDeploymentPostprocessing = 0;
		};
/* End PBXFrameworksBuildPhase section */

/* Begin PBXGroup section */
		A5C206B82006C5B40017D4FC = {
			isa = PBXGroup;
			children = (
				A5C206C32006C5B40017D4FC /* DitMoi */,
				A5C206D82006C5B40017D4FC /* DitMoiTests */,
				A5C206C22006C5B40017D4FC /* Products */,
			);
			sourceTree = "<group>";
		};
		A5C206C22006C5B40017D4FC /* Products */ = {
			isa = PBXGroup;
			children = (
				A5C206C12006C5B40017D4FC /* DitMoi.app */,
				A5C206D52006C5B40017D4FC /* DitMoiTests.xctest */,
			);
			name = Products;
			sourceTree = "<group>";
		};
		A5C206C32006C5B40017D4FC /* DitMoi */ = {
			isa = PBXGroup;
			children = (
				B4E33A12D1D93EC62C6671CF /* Feature */,
				B4E331923C71D8160BE6047E /* Resources */,
				B4E33CFC68F0E6197A3B9F58 /* Shared */,
			);
			path = DitMoi;
			sourceTree = "<group>";
		};
		A5C206D82006C5B40017D4FC /* DitMoiTests */ = {
			isa = PBXGroup;
			children = (
				A5C206DB2006C5B40017D4FC /* Info.plist */,
				B4E33DE24628C94903C13D5B /* Feature */,
			);
			path = DitMoiTests;
			sourceTree = "<group>";
		};
		B4E331923C71D8160BE6047E /* Resources */ = {
			isa = PBXGroup;
			children = (
				A5C206CD2006C5B40017D4FC /* LaunchScreen.storyboard */,
				A5C206CB2006C5B40017D4FC /* Assets.xcassets */,
				B4E33D5E1EB258D333BD4F5F /* SupportFiles */,
			);
			path = Resources;
			sourceTree = "<group>";
		};
		B4E331EC86E8EE480DBF97FF /* Home */ = {
			isa = PBXGroup;
			children = (
				B4E33ED99441105606289B25 /* BaseViewControllerTests.swift */,
			);
			path = Home;
			sourceTree = "<group>";
		};
		B4E332E1EE0757A728494E4E /* Home */ = {
			isa = PBXGroup;
			children = (
				B4E339BD901BE326F9659849 /* HomeViewController.swift */,
			);
			path = Home;
			sourceTree = "<group>";
		};
		B4E333DB0DBBDF3949898A8F /* Factory */ = {
			isa = PBXGroup;
			children = (
				B4E33FAA413D7A8C967A003B /* RootViewControllerFactory.swift */,
				B4E33F100E847B6CB267FC35 /* MainWindowFactory.swift */,
			);
			path = Factory;
			sourceTree = "<group>";
		};
		B4E33A12D1D93EC62C6671CF /* Feature */ = {
			isa = PBXGroup;
			children = (
				B4E332E1EE0757A728494E4E /* Home */,
			);
			path = Feature;
			sourceTree = "<group>";
		};
		B4E33CFC68F0E6197A3B9F58 /* Shared */ = {
			isa = PBXGroup;
			children = (
				B4E334CF6BCC43A08916D96A /* AppDelegate.swift */,
				B4E333DB0DBBDF3949898A8F /* Factory */,
				B4E33FEE04620A2B263F8998 /* BaseViewController.swift */,
			);
			path = Shared;
			sourceTree = "<group>";
		};
		B4E33D5E1EB258D333BD4F5F /* SupportFiles */ = {
			isa = PBXGroup;
			children = (
				A5C206D02006C5B40017D4FC /* Info.plist */,
			);
			path = SupportFiles;
			sourceTree = "<group>";
		};
		B4E33DE24628C94903C13D5B /* Feature */ = {
			isa = PBXGroup;
			children = (
				B4E331EC86E8EE480DBF97FF /* Home */,
			);
			path = Feature;
			sourceTree = "<group>";
		};
/* End PBXGroup section */

/* Begin PBXNativeTarget section */
		A5C206C02006C5B40017D4FC /* DitMoi */ = {
			isa = PBXNativeTarget;
			buildConfigurationList = A5C206DE2006C5B40017D4FC /* Build configuration list for PBXNativeTarget "DitMoi" */;
			buildPhases = (
				A5C206BD2006C5B40017D4FC /* Sources */,
				A5C206BE2006C5B40017D4FC /* Frameworks */,
				A5C206BF2006C5B40017D4FC /* Resources */,
			);
			buildRules = (
			);
			dependencies = (
			);
			name = DitMoi;
			productName = DitMoi;
			productReference = A5C206C12006C5B40017D4FC /* DitMoi.app */;
			productType = "com.apple.product-type.application";
		};
		A5C206D42006C5B40017D4FC /* DitMoiTests */ = {
			isa = PBXNativeTarget;
			buildConfigurationList = A5C206E12006C5B40017D4FC /* Build configuration list for PBXNativeTarget "DitMoiTests" */;
			buildPhases = (
				A5C206D12006C5B40017D4FC /* Sources */,
				A5C206D22006C5B40017D4FC /* Frameworks */,
				A5C206D32006C5B40017D4FC /* Resources */,
			);
			buildRules = (
			);
			dependencies = (
				A5C206D72006C5B40017D4FC /* PBXTargetDependency */,
			);
			name = DitMoiTests;
			productName = DitMoiTests;
			productReference = A5C206D52006C5B40017D4FC /* DitMoiTests.xctest */;
			productType = "com.apple.product-type.bundle.unit-test";
		};
/* End PBXNativeTarget section */

/* Begin PBXProject section */
		A5C206B92006C5B40017D4FC /* Project object */ = {
			isa = PBXProject;
			attributes = {
				LastSwiftUpdateCheck = 0920;
				LastUpgradeCheck = 0920;
				ORGANIZATIONNAME = "Douglas Mendes";
				TargetAttributes = {
					A5C206C02006C5B40017D4FC = {
						CreatedOnToolsVersion = 9.2;
						ProvisioningStyle = Manual;
					};
					A5C206D42006C5B40017D4FC = {
						CreatedOnToolsVersion = 9.2;
						ProvisioningStyle = Automatic;
						TestTargetID = A5C206C02006C5B40017D4FC;
					};
				};
			};
			buildConfigurationList = A5C206BC2006C5B40017D4FC /* Build configuration list for PBXProject "DitMoi" */;
			compatibilityVersion = "Xcode 8.0";
			developmentRegion = en;
			hasScannedForEncodings = 0;
			knownRegions = (
				en,
				Base,
			);
			mainGroup = A5C206B82006C5B40017D4FC;
			productRefGroup = A5C206C22006C5B40017D4FC /* Products */;
			projectDirPath = "";
			projectRoot = "";
			targets = (
				A5C206C02006C5B40017D4FC /* DitMoi */,
				A5C206D42006C5B40017D4FC /* DitMoiTests */,
			);
		};
/* End PBXProject section */

/* Begin PBXResourcesBuildPhase section */
		A5C206BF2006C5B40017D4FC /* Resources */ = {
			isa = PBXResourcesBuildPhase;
			buildActionMask = 2147483647;
			files = (
				A5C206CF2006C5B40017D4FC /* LaunchScreen.storyboard in Resources */,
				A5C206CC2006C5B40017D4FC /* Assets.xcassets in Resources */,
			);
			runOnlyForDeploymentPostprocessing = 0;
		};
		A5C206D32006C5B40017D4FC /* Resources */ = {
			isa = PBXResourcesBuildPhase;
			buildActionMask = 2147483647;
			files = (
			);
			runOnlyForDeploymentPostprocessing = 0;
		};
/* End PBXResourcesBuildPhase section */

/* Begin PBXSourcesBuildPhase section */
		A5C206BD2006C5B40017D4FC /* Sources */ = {
			isa = PBXSourcesBuildPhase;
			buildActionMask = 2147483647;
			files = (
				B4E336ADC59F45C97336043E /* AppDelegate.swift in Sources */,
				B4E3352F3DE78DE3F0F65A14 /* RootViewControllerFactory.swift in Sources */,
				B4E334D7A7493406FED6F57F /* MainWindowFactory.swift in Sources */,
				B4E33A987F93D837B9DFCF95 /* HomeViewController.swift in Sources */,
				B4E33E9CA4B85E00C5D54310 /* BaseViewController.swift in Sources */,
			);
			runOnlyForDeploymentPostprocessing = 0;
		};
		A5C206D12006C5B40017D4FC /* Sources */ = {
			isa = PBXSourcesBuildPhase;
			buildActionMask = 2147483647;
			files = (
				B4E334A86A92534B5D9B9C8D /* BaseViewControllerTests.swift in Sources */,
			);
			runOnlyForDeploymentPostprocessing = 0;
		};
/* End PBXSourcesBuildPhase section */

/* Begin PBXTargetDependency section */
		A5C206D72006C5B40017D4FC /* PBXTargetDependency */ = {
			isa = PBXTargetDependency;
			target = A5C206C02006C5B40017D4FC /* DitMoi */;
			targetProxy = A5C206D62006C5B40017D4FC /* PBXContainerItemProxy */;
		};
/* End PBXTargetDependency section */

/* Begin PBXVariantGroup section */
		A5C206CD2006C5B40017D4FC /* LaunchScreen.storyboard */ = {
			isa = PBXVariantGroup;
			children = (
				A5C206CE2006C5B40017D4FC /* Base */,
			);
			name = LaunchScreen.storyboard;
			sourceTree = "<group>";
		};
/* End PBXVariantGroup section */

/* Begin XCBuildConfiguration section */
		A5C206DC2006C5B40017D4FC /* Debug */ = {
			isa = XCBuildConfiguration;
			buildSettings = {
				ALWAYS_SEARCH_USER_PATHS = NO;
				CLANG_ANALYZER_NONNULL = YES;
				CLANG_ANALYZER_NUMBER_OBJECT_CONVERSION = YES_AGGRESSIVE;
				CLANG_CXX_LANGUAGE_STANDARD = "gnu++14";
				CLANG_CXX_LIBRARY = "libc++";
				CLANG_ENABLE_MODULES = YES;
				CLANG_ENABLE_OBJC_ARC = YES;
				CLANG_WARN_BLOCK_CAPTURE_AUTORELEASING = YES;
				CLANG_WARN_BOOL_CONVERSION = YES;
				CLANG_WARN_COMMA = YES;
				CLANG_WARN_CONSTANT_CONVERSION = YES;
				CLANG_WARN_DIRECT_OBJC_ISA_USAGE = YES_ERROR;
				CLANG_WARN_DOCUMENTATION_COMMENTS = YES;
				CLANG_WARN_EMPTY_BODY = YES;
				CLANG_WARN_ENUM_CONVERSION = YES;
				CLANG_WARN_INFINITE_RECURSION = YES;
				CLANG_WARN_INT_CONVERSION = YES;
				CLANG_WARN_NON_LITERAL_NULL_CONVERSION = YES;
				CLANG_WARN_OBJC_LITERAL_CONVERSION = YES;
				CLANG_WARN_OBJC_ROOT_CLASS = YES_ERROR;
				CLANG_WARN_RANGE_LOOP_ANALYSIS = YES;
				CLANG_WARN_STRICT_PROTOTYPES = YES;
				CLANG_WARN_SUSPICIOUS_MOVE = YES;
				CLANG_WARN_UNGUARDED_AVAILABILITY = YES_AGGRESSIVE;
				CLANG_WARN_UNREACHABLE_CODE = YES;
				CLANG_WARN__DUPLICATE_METHOD_MATCH = YES;
				CODE_SIGN_IDENTITY = "iPhone Developer";
				COPY_PHASE_STRIP = NO;
				DEBUG_INFORMATION_FORMAT = dwarf;
				ENABLE_STRICT_OBJC_MSGSEND = YES;
				ENABLE_TESTABILITY = YES;
				GCC_C_LANGUAGE_STANDARD = gnu11;
				GCC_DYNAMIC_NO_PIC = NO;
				GCC_NO_COMMON_BLOCKS = YES;
				GCC_OPTIMIZATION_LEVEL = 0;
				GCC_PREPROCESSOR_DEFINITIONS = (
					"DEBUG=1",
					"$(inherited)",
				);
				GCC_WARN_64_TO_32_BIT_CONVERSION = YES;
				GCC_WARN_ABOUT_RETURN_TYPE = YES_ERROR;
				GCC_WARN_UNDECLARED_SELECTOR = YES;
				GCC_WARN_UNINITIALIZED_AUTOS = YES_AGGRESSIVE;
				GCC_WARN_UNUSED_FUNCTION = YES;
				GCC_WARN_UNUSED_VARIABLE = YES;
				IPHONEOS_DEPLOYMENT_TARGET = 11.2;
				MTL_ENABLE_DEBUG_INFO = YES;
				ONLY_ACTIVE_ARCH = YES;
				SDKROOT = iphoneos;
				SWIFT_ACTIVE_COMPILATION_CONDITIONS = DEBUG;
				SWIFT_OPTIMIZATION_LEVEL = "-Onone";
				SWIFT_VERSION = 4.0;
			};
			name = Debug;
		};
		A5C206DD2006C5B40017D4FC /* Release */ = {
			isa = XCBuildConfiguration;
			buildSettings = {
				ALWAYS_SEARCH_USER_PATHS = NO;
				CLANG_ANALYZER_NONNULL = YES;
				CLANG_ANALYZER_NUMBER_OBJECT_CONVERSION = YES_AGGRESSIVE;
				CLANG_CXX_LANGUAGE_STANDARD = "gnu++14";
				CLANG_CXX_LIBRARY = "libc++";
				CLANG_ENABLE_MODULES = YES;
				CLANG_ENABLE_OBJC_ARC = YES;
				CLANG_WARN_BLOCK_CAPTURE_AUTORELEASING = YES;
				CLANG_WARN_BOOL_CONVERSION = YES;
				CLANG_WARN_COMMA = YES;
				CLANG_WARN_CONSTANT_CONVERSION = YES;
				CLANG_WARN_DIRECT_OBJC_ISA_USAGE = YES_ERROR;
				CLANG_WARN_DOCUMENTATION_COMMENTS = YES;
				CLANG_WARN_EMPTY_BODY = YES;
				CLANG_WARN_ENUM_CONVERSION = YES;
				CLANG_WARN_INFINITE_RECURSION = YES;
				CLANG_WARN_INT_CONVERSION = YES;
				CLANG_WARN_NON_LITERAL_NULL_CONVERSION = YES;
				CLANG_WARN_OBJC_LITERAL_CONVERSION = YES;
				CLANG_WARN_OBJC_ROOT_CLASS = YES_ERROR;
				CLANG_WARN_RANGE_LOOP_ANALYSIS = YES;
				CLANG_WARN_STRICT_PROTOTYPES = YES;
				CLANG_WARN_SUSPICIOUS_MOVE = YES;
				CLANG_WARN_UNGUARDED_AVAILABILITY = YES_AGGRESSIVE;
				CLANG_WARN_UNREACHABLE_CODE = YES;
				CLANG_WARN__DUPLICATE_METHOD_MATCH = YES;
				CODE_SIGN_IDENTITY = "iPhone Developer";
				COPY_PHASE_STRIP = NO;
				DEBUG_INFORMATION_FORMAT = "dwarf-with-dsym";
				ENABLE_NS_ASSERTIONS = NO;
				ENABLE_STRICT_OBJC_MSGSEND = YES;
				GCC_C_LANGUAGE_STANDARD = gnu11;
				GCC_NO_COMMON_BLOCKS = YES;
				GCC_WARN_64_TO_32_BIT_CONVERSION = YES;
				GCC_WARN_ABOUT_RETURN_TYPE = YES_ERROR;
				GCC_WARN_UNDECLARED_SELECTOR = YES;
				GCC_WARN_UNINITIALIZED_AUTOS = YES_AGGRESSIVE;
				GCC_WARN_UNUSED_FUNCTION = YES;
				GCC_WARN_UNUSED_VARIABLE = YES;
				IPHONEOS_DEPLOYMENT_TARGET = 11.2;
				MTL_ENABLE_DEBUG_INFO = NO;
				SDKROOT = iphoneos;
				SWIFT_OPTIMIZATION_LEVEL = "-Owholemodule";
				SWIFT_VERSION = 4.0;
				VALIDATE_PRODUCT = YES;
			};
			name = Release;
		};
		A5C206DF2006C5B40017D4FC /* Debug */ = {
			isa = XCBuildConfiguration;
			buildSettings = {
				ASSETCATALOG_COMPILER_APPICON_NAME = AppIcon;
				"CODE_SIGN_IDENTITY[sdk=iphoneos*]" = "iPhone Distribution";
				CODE_SIGN_STYLE = Manual;
				CURRENT_PROJECT_VERSION = 2;
				DEVELOPMENT_TEAM = WQVLGGBH98;
				INFOPLIST_FILE = "$(SRCROOT)/DitMoi/Resources/SupportFiles/Info.plist";
				LD_RUNPATH_SEARCH_PATHS = "$(inherited) @executable_path/Frameworks";
				PRODUCT_BUNDLE_IDENTIFIER = br.com.DitMoi;
				PRODUCT_NAME = "$(TARGET_NAME)";
				PROVISIONING_PROFILE = "54c078c7-3104-4b7f-a6a7-4b61042084da";
				PROVISIONING_PROFILE_SPECIFIER = "match AdHoc br.com.DitMoi";
				SWIFT_VERSION = 4.0;
				TARGETED_DEVICE_FAMILY = 1;
				VERSIONING_SYSTEM = "apple-generic";
			};
			name = Debug;
		};
		A5C206E02006C5B40017D4FC /* Release */ = {
			isa = XCBuildConfiguration;
			buildSettings = {
				ASSETCATALOG_COMPILER_APPICON_NAME = AppIcon;
				"CODE_SIGN_IDENTITY[sdk=iphoneos*]" = "iPhone Distribution";
				CODE_SIGN_STYLE = Manual;
				CURRENT_PROJECT_VERSION = 2;
				DEVELOPMENT_TEAM = WQVLGGBH98;
				INFOPLIST_FILE = "$(SRCROOT)/DitMoi/Resources/SupportFiles/Info.plist";
				LD_RUNPATH_SEARCH_PATHS = "$(inherited) @executable_path/Frameworks";
				"MTL_ENABLE_DEBUG_INFO[arch=*]" = NO;
				PRODUCT_BUNDLE_IDENTIFIER = br.com.DitMoi;
				PRODUCT_NAME = "$(TARGET_NAME)";
				PROVISIONING_PROFILE = "242372d3-e591-4488-b8e9-cba9b08be515";
				PROVISIONING_PROFILE_SPECIFIER = "match AppStore br.com.DitMoi";
				SWIFT_VERSION = 4.0;
				TARGETED_DEVICE_FAMILY = 1;
				VERSIONING_SYSTEM = "apple-generic";
			};
			name = Release;
		};
		A5C206E22006C5B40017D4FC /* Debug */ = {
			isa = XCBuildConfiguration;
			buildSettings = {
				ALWAYS_EMBED_SWIFT_STANDARD_LIBRARIES = YES;
				BUNDLE_LOADER = "$(TEST_HOST)";
				CODE_SIGN_STYLE = Automatic;
				DEVELOPMENT_TEAM = WQVLGGBH98;
				INFOPLIST_FILE = DitMoiTests/Info.plist;
				LD_RUNPATH_SEARCH_PATHS = "$(inherited) @executable_path/Frameworks @loader_path/Frameworks";
				PRODUCT_BUNDLE_IDENTIFIER = br.com.DitMoiTests;
				PRODUCT_NAME = "$(TARGET_NAME)";
				SWIFT_VERSION = 4.0;
				TARGETED_DEVICE_FAMILY = "1,2";
				TEST_HOST = "$(BUILT_PRODUCTS_DIR)/DitMoi.app/DitMoi";
			};
			name = Debug;
		};
		A5C206E32006C5B40017D4FC /* Release */ = {
			isa = XCBuildConfiguration;
			buildSettings = {
				ALWAYS_EMBED_SWIFT_STANDARD_LIBRARIES = YES;
				BUNDLE_LOADER = "$(TEST_HOST)";
				CODE_SIGN_STYLE = Automatic;
				DEVELOPMENT_TEAM = WQVLGGBH98;
				INFOPLIST_FILE = DitMoiTests/Info.plist;
				LD_RUNPATH_SEARCH_PATHS = "$(inherited) @executable_path/Frameworks @loader_path/Frameworks";
				PRODUCT_BUNDLE_IDENTIFIER = br.com.DitMoiTests;
				PRODUCT_NAME = "$(TARGET_NAME)";
				SWIFT_VERSION = 4.0;
				TARGETED_DEVICE_FAMILY = "1,2";
				TEST_HOST = "$(BUILT_PRODUCTS_DIR)/DitMoi.app/DitMoi";
			};
			name = Release;
		};
/* End XCBuildConfiguration section */

/* Begin XCConfigurationList section */
		A5C206BC2006C5B40017D4FC /* Build configuration list for PBXProject "DitMoi" */ = {
			isa = XCConfigurationList;
			buildConfigurations = (
				A5C206DC2006C5B40017D4FC /* Debug */,
				A5C206DD2006C5B40017D4FC /* Release */,
			);
			defaultConfigurationIsVisible = 0;
			defaultConfigurationName = Release;
		};
		A5C206DE2006C5B40017D4FC /* Build configuration list for PBXNativeTarget "DitMoi" */ = {
			isa = XCConfigurationList;
			buildConfigurations = (
				A5C206DF2006C5B40017D4FC /* Debug */,
				A5C206E02006C5B40017D4FC /* Release */,
			);
			defaultConfigurationIsVisible = 0;
			defaultConfigurationName = Release;
		};
		A5C206E12006C5B40017D4FC /* Build configuration list for PBXNativeTarget "DitMoiTests" */ = {
			isa = XCConfigurationList;
			buildConfigurations = (
				A5C206E22006C5B40017D4FC /* Debug */,
				A5C206E32006C5B40017D4FC /* Release */,
			);
			defaultConfigurationIsVisible = 0;
			defaultConfigurationName = Release;
		};
/* End XCConfigurationList section */
	};
	rootObject = A5C206B92006C5B40017D4FC /* Project object */;
}
